
Microsoft Visual Studio Solution File, Format Version 12.00
# Visual Studio Version 17
VisualStudioVersion = 17.0.31903.59
MinimumVisualStudioVersion = 10.0.40219.1
Project("{2150E333-8FDC-42A3-9474-1A3956D46DE8}") = "src", "src", "{6277CB29-F809-443F-A236-B70BE9446B7B}"
EndProject
Project("{FAE04EC0-301F-11D3-BF4B-00C04F79EFBC}") = "Tripo.Bridge", "src\Tripo.Bridge\Tripo.Bridge.csproj", "{BDA46233-6A53-49B8-A74C-D525A497FD1B}"
EndProject
Project("{FAE04EC0-301F-11D3-BF4B-00C04F79EFBC}") = "Tripo.HostUi", "src\Tripo.HostUi\Tripo.HostUi.csproj", "{5E40797C-4E23-4EE5-B9EF-ABD167CAEB7C}"
EndProject
Project("{FAE04EC0-301F-11D3-BF4B-00C04F79EFBC}") = "Tripo.Mcp", "src\Tripo.Mcp\Tripo.Mcp.csproj", "{A7751F72-D03D-4978-8BA0-838D0CD18C5C}"
EndProject
Project("{FAE04EC0-301F-11D3-BF4B-00C04F79EFBC}") = "Tripo.Rhino.Mcp", "src\Tripo.Rhino.Mcp\Tripo.Rhino.Mcp.csproj", "{02C55F0D-BBC7-4824-AD24-21C00FDA315D}"
EndProject
Project("{FAE04EC0-301F-11D3-BF4B-00C04F79EFBC}") = "Tripo.Rhino", "src\Tripo.Rhino\Tripo.Rhino.csproj", "{648B79BC-3897-4900-A696-E072E62385BE}"
EndProject
Project("{FAE04EC0-301F-11D3-BF4B-00C04F79EFBC}") = "Tripo.Rhino.Grasshopper", "src\Tripo.Rhino.Grasshopper\Tripo.Rhino.Grasshopper.csproj", "{1F375D72-5A16-401A-B66D-09AD9DF4B1F2}"
EndProject
Project("{2150E333-8FDC-42A3-9474-1A3956D46DE8}") = "tests", "tests", "{AF07B2AD-5B14-44B4-B8DB-8F05584037A6}"
EndProject
Project("{FAE04EC0-301F-11D3-BF4B-00C04F79EFBC}") = "Tripo.Bridge.Tests", "tests\Tripo.Bridge.Tests\Tripo.Bridge.Tests.csproj", "{A688FE82-C96F-4E51-865B-334725F063E7}"
EndProject
Project("{FAE04EC0-301F-11D3-BF4B-00C04F79EFBC}") = "Tripo.HostUi.Tests", "tests\Tripo.HostUi.Tests\Tripo.HostUi.Tests.csproj", "{B6ED9A8F-E319-4AC8-BA81-407E47C9B8B0}"
EndProject
Project("{FAE04EC0-301F-11D3-BF4B-00C04F79EFBC}") = "Tripo.Mcp.Tests", "tests\Tripo.Mcp.Tests\Tripo.Mcp.Tests.csproj", "{5BFF298F-160B-4C13-A7FB-AB52FF3D31CD}"
EndProject
Global
	GlobalSection(SolutionConfigurationPlatforms) = preSolution
		Debug|Any CPU = Debug|Any CPU
		Release|Any CPU = Release|Any CPU
	EndGlobalSection
	GlobalSection(SolutionProperties) = preSolution
		HideSolutionNode = FALSE
	EndGlobalSection
	GlobalSection(ProjectConfigurationPlatforms) = postSolution
		{BDA46233-6A53-49B8-A74C-D525A497FD1B}.Debug|Any CPU.ActiveCfg = Debug|Any CPU
		{BDA46233-6A53-49B8-A74C-D525A497FD1B}.Debug|Any CPU.Build.0 = Debug|Any CPU
		{BDA46233-6A53-49B8-A74C-D525A497FD1B}.Release|Any CPU.ActiveCfg = Release|Any CPU
		{BDA46233-6A53-49B8-A74C-D525A497FD1B}.Release|Any CPU.Build.0 = Release|Any CPU
		{5E40797C-4E23-4EE5-B9EF-ABD167CAEB7C}.Debug|Any CPU.ActiveCfg = Debug|Any CPU
		{5E40797C-4E23-4EE5-B9EF-ABD167CAEB7C}.Debug|Any CPU.Build.0 = Debug|Any CPU
		{5E40797C-4E23-4EE5-B9EF-ABD167CAEB7C}.Release|Any CPU.ActiveCfg = Release|Any CPU
		{5E40797C-4E23-4EE5-B9EF-ABD167CAEB7C}.Release|Any CPU.Build.0 = Release|Any CPU
		{A7751F72-D03D-4978-8BA0-838D0CD18C5C}.Debug|Any CPU.ActiveCfg = Debug|Any CPU
		{A7751F72-D03D-4978-8BA0-838D0CD18C5C}.Debug|Any CPU.Build.0 = Debug|Any CPU
		{A7751F72-D03D-4978-8BA0-838D0CD18C5C}.Release|Any CPU.ActiveCfg = Release|Any CPU
		{A7751F72-D03D-4978-8BA0-838D0CD18C5C}.Release|Any CPU.Build.0 = Release|Any CPU
		{02C55F0D-BBC7-4824-AD24-21C00FDA315D}.Debug|Any CPU.ActiveCfg = Debug|Any CPU
		{02C55F0D-BBC7-4824-AD24-21C00FDA315D}.Debug|Any CPU.Build.0 = Debug|Any CPU
		{02C55F0D-BBC7-4824-AD24-21C00FDA315D}.Release|Any CPU.ActiveCfg = Release|Any CPU
		{02C55F0D-BBC7-4824-AD24-21C00FDA315D}.Release|Any CPU.Build.0 = Release|Any CPU
		{648B79BC-3897-4900-A696-E072E62385BE}.Debug|Any CPU.ActiveCfg = Debug|Any CPU
		{648B79BC-3897-4900-A696-E072E62385BE}.Debug|Any CPU.Build.0 = Debug|Any CPU
		{648B79BC-3897-4900-A696-E072E62385BE}.Release|Any CPU.ActiveCfg = Release|Any CPU
		{648B79BC-3897-4900-A696-E072E62385BE}.Release|Any CPU.Build.0 = Release|Any CPU
		{1F375D72-5A16-401A-B66D-09AD9DF4B1F2}.Debug|Any CPU.ActiveCfg = Debug|Any CPU
		{1F375D72-5A16-401A-B66D-09AD9DF4B1F2}.Debug|Any CPU.Build.0 = Debug|Any CPU
		{1F375D72-5A16-401A-B66D-09AD9DF4B1F2}.Release|Any CPU.ActiveCfg = Release|Any CPU
		{1F375D72-5A16-401A-B66D-09AD9DF4B1F2}.Release|Any CPU.Build.0 = Release|Any CPU
		{A688FE82-C96F-4E51-865B-334725F063E7}.Debug|Any CPU.ActiveCfg = Debug|Any CPU
		{A688FE82-C96F-4E51-865B-334725F063E7}.Debug|Any CPU.Build.0 = Debug|Any CPU
		{A688FE82-C96F-4E51-865B-334725F063E7}.Release|Any CPU.ActiveCfg = Release|Any CPU
		{A688FE82-C96F-4E51-865B-334725F063E7}.Release|Any CPU.Build.0 = Release|Any CPU
		{B6ED9A8F-E319-4AC8-BA81-407E47C9B8B0}.Debug|Any CPU.ActiveCfg = Debug|Any CPU
		{B6ED9A8F-E319-4AC8-BA81-407E47C9B8B0}.Debug|Any CPU.Build.0 = Debug|Any CPU
		{B6ED9A8F-E319-4AC8-BA81-407E47C9B8B0}.Release|Any CPU.ActiveCfg = Release|Any CPU
		{B6ED9A8F-E319-4AC8-BA81-407E47C9B8B0}.Release|Any CPU.Build.0 = Release|Any CPU
		{5BFF298F-160B-4C13-A7FB-AB52FF3D31CD}.Debug|Any CPU.ActiveCfg = Debug|Any CPU
		{5BFF298F-160B-4C13-A7FB-AB52FF3D31CD}.Debug|Any CPU.Build.0 = Debug|Any CPU
		{5BFF298F-160B-4C13-A7FB-AB52FF3D31CD}.Release|Any CPU.ActiveCfg = Release|Any CPU
		{5BFF298F-160B-4C13-A7FB-AB52FF3D31CD}.Release|Any CPU.Build.0 = Release|Any CPU
	EndGlobalSection
	GlobalSection(NestedProjects) = preSolution
		{BDA46233-6A53-49B8-A74C-D525A497FD1B} = {6277CB29-F809-443F-A236-B70BE9446B7B}
		{5E40797C-4E23-4EE5-B9EF-ABD167CAEB7C} = {6277CB29-F809-443F-A236-B70BE9446B7B}
		{A7751F72-D03D-4978-8BA0-838D0CD18C5C} = {6277CB29-F809-443F-A236-B70BE9446B7B}
		{02C55F0D-BBC7-4824-AD24-21C00FDA315D} = {6277CB29-F809-443F-A236-B70BE9446B7B}
		{648B79BC-3897-4900-A696-E072E62385BE} = {6277CB29-F809-443F-A236-B70BE9446B7B}
		{1F375D72-5A16-401A-B66D-09AD9DF4B1F2} = {6277CB29-F809-443F-A236-B70BE9446B7B}
		{A688FE82-C96F-4E51-865B-334725F063E7} = {AF07B2AD-5B14-44B4-B8DB-8F05584037A6}
		{B6ED9A8F-E319-4AC8-BA81-407E47C9B8B0} = {AF07B2AD-5B14-44B4-B8DB-8F05584037A6}
		{5BFF298F-160B-4C13-A7FB-AB52FF3D31CD} = {AF07B2AD-5B14-44B4-B8DB-8F05584037A6}
	EndGlobalSection
EndGlobal
